
Microsoft Visual Studio Solution File, Format Version 12.00
# Visual Studio Version 17
VisualStudioVersion = 17.1.32421.90
MinimumVisualStudioVersion = 10.0.40219.1
Project("{FAE04EC0-301F-11D3-BF4B-00C04F79EFBC}") = "Srp", "Srp\Srp.csproj", "{557292B8-2EE4-4772-93CE-49A3100B2C5E}"
EndProject
Project("{FAE04EC0-301F-11D3-BF4B-00C04F79EFBC}") = "Ocp", "Ocp\Ocp.csproj", "{74321B79-0BFF-46B3-98E1-F05DDF83E126}"
EndProject
Project("{FAE04EC0-301F-11D3-BF4B-00C04F79EFBC}") = "Lsp", "Lsp\Lsp.csproj", "{2D0ACCDD-3676-4E85-BA30-8FBC880E55B0}"
EndProject
Project("{FAE04EC0-301F-11D3-BF4B-00C04F79EFBC}") = "Isp", "ISp\Isp.csproj", "{535CA339-F59C-4C61-A1B4-22361BCAAA7B}"
EndProject
Project("{FAE04EC0-301F-11D3-BF4B-00C04F79EFBC}") = "Dip", "Dip\Dip.csproj", "{CF086E9E-B954-4420-BE83-DB008A898903}"
EndProject
Project("{FAE04EC0-301F-11D3-BF4B-00C04F79EFBC}") = "FactoryMethod", "FactoryMethod\FactoryMethod.csproj", "{A8325243-746A-460B-B824-0215C8012189}"
EndProject
Global
	GlobalSection(SolutionConfigurationPlatforms) = preSolution
		Debug|Any CPU = Debug|Any CPU
		Release|Any CPU = Release|Any CPU
	EndGlobalSection
	GlobalSection(ProjectConfigurationPlatforms) = postSolution
		{557292B8-2EE4-4772-93CE-49A3100B2C5E}.Debug|Any CPU.ActiveCfg = Debug|Any CPU
		{557292B8-2EE4-4772-93CE-49A3100B2C5E}.Debug|Any CPU.Build.0 = Debug|Any CPU
		{557292B8-2EE4-4772-93CE-49A3100B2C5E}.Release|Any CPU.ActiveCfg = Release|Any CPU
		{557292B8-2EE4-4772-93CE-49A3100B2C5E}.Release|Any CPU.Build.0 = Release|Any CPU
		{74321B79-0BFF-46B3-98E1-F05DDF83E126}.Debug|Any CPU.ActiveCfg = Debug|Any CPU
		{74321B79-0BFF-46B3-98E1-F05DDF83E126}.Debug|Any CPU.Build.0 = Debug|Any CPU
		{74321B79-0BFF-46B3-98E1-F05DDF83E126}.Release|Any CPU.ActiveCfg = Release|Any CPU
		{74321B79-0BFF-46B3-98E1-F05DDF83E126}.Release|Any CPU.Build.0 = Release|Any CPU
		{2D0ACCDD-3676-4E85-BA30-8FBC880E55B0}.Debug|Any CPU.ActiveCfg = Debug|Any CPU
		{2D0ACCDD-3676-4E85-BA30-8FBC880E55B0}.Debug|Any CPU.Build.0 = Debug|Any CPU
		{2D0ACCDD-3676-4E85-BA30-8FBC880E55B0}.Release|Any CPU.ActiveCfg = Release|Any CPU
		{2D0ACCDD-3676-4E85-BA30-8FBC880E55B0}.Release|Any CPU.Build.0 = Release|Any CPU
		{535CA339-F59C-4C61-A1B4-22361BCAAA7B}.Debug|Any CPU.ActiveCfg = Debug|Any CPU
		{535CA339-F59C-4C61-A1B4-22361BCAAA7B}.Debug|Any CPU.Build.0 = Debug|Any CPU
		{535CA339-F59C-4C61-A1B4-22361BCAAA7B}.Release|Any CPU.ActiveCfg = Release|Any CPU
		{535CA339-F59C-4C61-A1B4-22361BCAAA7B}.Release|Any CPU.Build.0 = Release|Any CPU
		{CF086E9E-B954-4420-BE83-DB008A898903}.Debug|Any CPU.ActiveCfg = Debug|Any CPU
		{CF086E9E-B954-4420-BE83-DB008A898903}.Debug|Any CPU.Build.0 = Debug|Any CPU
		{CF086E9E-B954-4420-BE83-DB008A898903}.Release|Any CPU.ActiveCfg = Release|Any CPU
		{CF086E9E-B954-4420-BE83-DB008A898903}.Release|Any CPU.Build.0 = Release|Any CPU
		{A8325243-746A-460B-B824-0215C8012189}.Debug|Any CPU.ActiveCfg = Debug|Any CPU
		{A8325243-746A-460B-B824-0215C8012189}.Debug|Any CPU.Build.0 = Debug|Any CPU
		{A8325243-746A-460B-B824-0215C8012189}.Release|Any CPU.ActiveCfg = Release|Any CPU
		{A8325243-746A-460B-B824-0215C8012189}.Release|Any CPU.Build.0 = Release|Any CPU
	EndGlobalSection
	GlobalSection(SolutionProperties) = preSolution
		HideSolutionNode = FALSE
	EndGlobalSection
	GlobalSection(ExtensibilityGlobals) = postSolution
		SolutionGuid = {526EF04A-B76D-4686-B3A4-8FE976417C35}
	EndGlobalSection
EndGlobal
